{
  "name": "jasmine-they",
  "version": "1.0.0",
  "lockfileVersion": 1,
  "requires": true,
  "dependencies": {
    "@types/jasmine": {
      "version": "2.5.54",
      "resolved": "https://registry.npmjs.org/@types/jasmine/-/jasmine-2.5.54.tgz",
      "integrity": "sha512-B9YofFbUljs19g5gBKUYeLIulsh31U5AK70F41BImQRHEZQGm4GcN922UvnYwkduMqbC/NH+9fruWa/zrqvHIg==",
      "dev": true
    }
  }
}
